
Microsoft Visual Studio Solution File, Format Version 12.00
# Visual Studio Version 16
VisualStudioVersion = 16.0.31025.194
MinimumVisualStudioVersion = 10.0.40219.1
Project("{8BC9CEB8-8B4A-11D0-8D11-00A0C91BC942}") = "Engine46", "Sources\Engine46\Engine46.vcxproj", "{651C44AC-C73C-4DE1-B557-F02BF121CD47}"
EndProject
Project("{8BC9CEB8-8B4A-11D0-8D11-00A0C91BC942}") = "Renderer", "Sources\Renderer\Renderer.vcxproj", "{53B01961-9FA5-4BC6-BEE7-2CFAC56C99C5}"
EndProject
Global
	GlobalSection(SolutionConfigurationPlatforms) = preSolution
		Debug|x64 = Debug|x64
		Debug|x86 = Debug|x86
		Release|x64 = Release|x64
		Release|x86 = Release|x86
	EndGlobalSection
	GlobalSection(ProjectConfigurationPlatforms) = postSolution
		{651C44AC-C73C-4DE1-B557-F02BF121CD47}.Debug|x64.ActiveCfg = Debug|x64
		{651C44AC-C73C-4DE1-B557-F02BF121CD47}.Debug|x64.Build.0 = Debug|x64
		{651C44AC-C73C-4DE1-B557-F02BF121CD47}.Debug|x86.ActiveCfg = Debug|Win32
		{651C44AC-C73C-4DE1-B557-F02BF121CD47}.Debug|x86.Build.0 = Debug|Win32
		{651C44AC-C73C-4DE1-B557-F02BF121CD47}.Release|x64.ActiveCfg = Release|x64
		{651C44AC-C73C-4DE1-B557-F02BF121CD47}.Release|x64.Build.0 = Release|x64
		{651C44AC-C73C-4DE1-B557-F02BF121CD47}.Release|x86.ActiveCfg = Release|Win32
		{651C44AC-C73C-4DE1-B557-F02BF121CD47}.Release|x86.Build.0 = Release|Win32
		{53B01961-9FA5-4BC6-BEE7-2CFAC56C99C5}.Debug|x64.ActiveCfg = Debug|x64
		{53B01961-9FA5-4BC6-BEE7-2CFAC56C99C5}.Debug|x64.Build.0 = Debug|x64
		{53B01961-9FA5-4BC6-BEE7-2CFAC56C99C5}.Debug|x86.ActiveCfg = Debug|Win32
		{53B01961-9FA5-4BC6-BEE7-2CFAC56C99C5}.Debug|x86.Build.0 = Debug|Win32
		{53B01961-9FA5-4BC6-BEE7-2CFAC56C99C5}.Release|x64.ActiveCfg = Release|x64
		{53B01961-9FA5-4BC6-BEE7-2CFAC56C99C5}.Release|x64.Build.0 = Release|x64
		{53B01961-9FA5-4BC6-BEE7-2CFAC56C99C5}.Release|x86.ActiveCfg = Release|Win32
		{53B01961-9FA5-4BC6-BEE7-2CFAC56C99C5}.Release|x86.Build.0 = Release|Win32
	EndGlobalSection
	GlobalSection(SolutionProperties) = preSolution
		HideSolutionNode = FALSE
	EndGlobalSection
	GlobalSection(ExtensibilityGlobals) = postSolution
		SolutionGuid = {DB8DCE2A-E4EF-466F-9CCA-4DE1BE7C0F0E}
	EndGlobalSection
EndGlobal
